// !$*UTF8*$!
{
	archiveVersion = 1;
	classes = {
	};
	objectVersion = 56;
	objects = {

/* Begin PBXBuildFile section */
		4332C1B62A1A45F9003959E4 /* GoogleService-Info.plist in Resources */ = {isa = PBXBuildFile; fileRef = 4332C1B52A1A45F9003959E4 /* GoogleService-Info.plist */; };
		4332C1BA2A1A46CF003959E4 /* FirebaseAuth in Frameworks */ = {isa = PBXBuildFile; productRef = 4332C1B92A1A46CF003959E4 /* FirebaseAuth */; };
		4332C1BC2A1A46CF003959E4 /* FirebaseFirestore in Frameworks */ = {isa = PBXBuildFile; productRef = 4332C1BB2A1A46CF003959E4 /* FirebaseFirestore */; };
		4332C1BE2A1A46CF003959E4 /* FirebaseStorage in Frameworks */ = {isa = PBXBuildFile; productRef = 4332C1BD2A1A46CF003959E4 /* FirebaseStorage */; };
		43838C3F2A19815B00CB6524 /* UIColorExtension.swift in Sources */ = {isa = PBXBuildFile; fileRef = 43838C3E2A19815B00CB6524 /* UIColorExtension.swift */; };
		43838C472A198E6100CB6524 /* FeedVC.swift in Sources */ = {isa = PBXBuildFile; fileRef = 43838C462A198E6100CB6524 /* FeedVC.swift */; };
		439A52542A14258B00CBF46A /* SalonUp__IndividualApp.swift in Sources */ = {isa = PBXBuildFile; fileRef = 439A52532A14258B00CBF46A /* SalonUp__IndividualApp.swift */; };
		439A52562A14258B00CBF46A /* LoginVC.swift in Sources */ = {isa = PBXBuildFile; fileRef = 439A52552A14258B00CBF46A /* LoginVC.swift */; };
		439A52582A14258B00CBF46A /* Assets.xcassets in Resources */ = {isa = PBXBuildFile; fileRef = 439A52572A14258B00CBF46A /* Assets.xcassets */; };
		439A525B2A14258B00CBF46A /* Preview Assets.xcassets in Resources */ = {isa = PBXBuildFile; fileRef = 439A525A2A14258B00CBF46A /* Preview Assets.xcassets */; };
/* End PBXBuildFile section */

/* Begin PBXFileReference section */
		4332C1B52A1A45F9003959E4 /* GoogleService-Info.plist */ = {isa = PBXFileReference; fileEncoding = 4; lastKnownFileType = text.plist.xml; path = "GoogleService-Info.plist"; sourceTree = "<group>"; };
		43838C3E2A19815B00CB6524 /* UIColorExtension.swift */ = {isa = PBXFileReference; fileEncoding = 4; lastKnownFileType = sourcecode.swift; path = UIColorExtension.swift; sourceTree = "<group>"; };
		43838C462A198E6100CB6524 /* FeedVC.swift */ = {isa = PBXFileReference; lastKnownFileType = sourcecode.swift; path = FeedVC.swift; sourceTree = "<group>"; };
		439A52502A14258B00CBF46A /* SalonUp! Individual.app */ = {isa = PBXFileReference; explicitFileType = wrapper.application; includeInIndex = 0; path = "SalonUp! Individual.app"; sourceTree = BUILT_PRODUCTS_DIR; };
		439A52532A14258B00CBF46A /* SalonUp__IndividualApp.swift */ = {isa = PBXFileReference; lastKnownFileType = sourcecode.swift; path = SalonUp__IndividualApp.swift; sourceTree = "<group>"; };
		439A52552A14258B00CBF46A /* LoginVC.swift */ = {isa = PBXFileReference; lastKnownFileType = sourcecode.swift; path = LoginVC.swift; sourceTree = "<group>"; };
		439A52572A14258B00CBF46A /* Assets.xcassets */ = {isa = PBXFileReference; lastKnownFileType = folder.assetcatalog; path = Assets.xcassets; sourceTree = "<group>"; };
		439A525A2A14258B00CBF46A /* Preview Assets.xcassets */ = {isa = PBXFileReference; lastKnownFileType = folder.assetcatalog; path = "Preview Assets.xcassets"; sourceTree = "<group>"; };
/* End PBXFileReference section */

/* Begin PBXFrameworksBuildPhase section */
		439A524D2A14258B00CBF46A /* Frameworks */ = {
			isa = PBXFrameworksBuildPhase;
			buildActionMask = 2147483647;
			files = (
				4332C1BA2A1A46CF003959E4 /* FirebaseAuth in Frameworks */,
				4332C1BC2A1A46CF003959E4 /* FirebaseFirestore in Frameworks */,
				4332C1BE2A1A46CF003959E4 /* FirebaseStorage in Frameworks */,
			);
			runOnlyForDeploymentPostprocessing = 0;
		};
/* End PBXFrameworksBuildPhase section */

/* Begin PBXGroup section */
		4332C1B72A1A4610003959E4 /* Infos */ = {
			isa = PBXGroup;
			children = (
				4332C1B52A1A45F9003959E4 /* GoogleService-Info.plist */,
			);
			path = Infos;
			sourceTree = "<group>";
		};
		43838C3D2A19814600CB6524 /* Extensions */ = {
			isa = PBXGroup;
			children = (
				43838C3E2A19815B00CB6524 /* UIColorExtension.swift */,
			);
			path = Extensions;
			sourceTree = "<group>";
		};
		43838C442A198DCC00CB6524 /* Login */ = {
			isa = PBXGroup;
			children = (
				439A52552A14258B00CBF46A /* LoginVC.swift */,
			);
			path = Login;
			sourceTree = "<group>";
		};
		43838C452A198DDF00CB6524 /* Feed */ = {
			isa = PBXGroup;
			children = (
				43838C462A198E6100CB6524 /* FeedVC.swift */,
			);
			path = Feed;
			sourceTree = "<group>";
		};
		439A52472A14258B00CBF46A = {
			isa = PBXGroup;
			children = (
				439A52522A14258B00CBF46A /* SalonUp! Individual */,
				439A52512A14258B00CBF46A /* Products */,
			);
			sourceTree = "<group>";
		};
		439A52512A14258B00CBF46A /* Products */ = {
			isa = PBXGroup;
			children = (
				439A52502A14258B00CBF46A /* SalonUp! Individual.app */,
			);
			name = Products;
			sourceTree = "<group>";
		};
		439A52522A14258B00CBF46A /* SalonUp! Individual */ = {
			isa = PBXGroup;
			children = (
				439A52532A14258B00CBF46A /* SalonUp__IndividualApp.swift */,
				439A52612A1425F700CBF46A /* VCs */,
				43838C3D2A19814600CB6524 /* Extensions */,
				439A52652A142A9B00CBF46A /* Resources */,
				4332C1B72A1A4610003959E4 /* Infos */,
				439A52592A14258B00CBF46A /* Preview Content */,
			);
			path = "SalonUp! Individual";
			sourceTree = "<group>";
		};
		439A52592A14258B00CBF46A /* Preview Content */ = {
			isa = PBXGroup;
			children = (
				439A525A2A14258B00CBF46A /* Preview Assets.xcassets */,
			);
			path = "Preview Content";
			sourceTree = "<group>";
		};
		439A52612A1425F700CBF46A /* VCs */ = {
			isa = PBXGroup;
			children = (
				43838C442A198DCC00CB6524 /* Login */,
				43838C452A198DDF00CB6524 /* Feed */,
			);
			path = VCs;
			sourceTree = "<group>";
		};
		439A52652A142A9B00CBF46A /* Resources */ = {
			isa = PBXGroup;
			children = (
				439A52572A14258B00CBF46A /* Assets.xcassets */,
			);
			path = Resources;
			sourceTree = "<group>";
		};
/* End PBXGroup section */

/* Begin PBXNativeTarget section */
		439A524F2A14258B00CBF46A /* SalonUp! Individual */ = {
			isa = PBXNativeTarget;
			buildConfigurationList = 439A525E2A14258B00CBF46A /* Build configuration list for PBXNativeTarget "SalonUp! Individual" */;
			buildPhases = (
				439A524C2A14258B00CBF46A /* Sources */,
				439A524D2A14258B00CBF46A /* Frameworks */,
				439A524E2A14258B00CBF46A /* Resources */,
			);
			buildRules = (
			);
			dependencies = (
			);
			name = "SalonUp! Individual";
			packageProductDependencies = (
				4332C1B92A1A46CF003959E4 /* FirebaseAuth */,
				4332C1BB2A1A46CF003959E4 /* FirebaseFirestore */,
				4332C1BD2A1A46CF003959E4 /* FirebaseStorage */,
			);
			productName = "SalonUp! Individual";
			productReference = 439A52502A14258B00CBF46A /* SalonUp! Individual.app */;
			productType = "com.apple.product-type.application";
		};
/* End PBXNativeTarget section */

/* Begin PBXProject section */
		439A52482A14258B00CBF46A /* Project object */ = {
			isa = PBXProject;
			attributes = {
				BuildIndependentTargetsInParallel = 1;
				LastSwiftUpdateCheck = 1430;
				LastUpgradeCheck = 1430;
				TargetAttributes = {
					439A524F2A14258B00CBF46A = {
						CreatedOnToolsVersion = 14.3;
					};
				};
			};
			buildConfigurationList = 439A524B2A14258B00CBF46A /* Build configuration list for PBXProject "SalonUp! Individual" */;
			compatibilityVersion = "Xcode 14.0";
			developmentRegion = en;
			hasScannedForEncodings = 0;
			knownRegions = (
				en,
				Base,
			);
			mainGroup = 439A52472A14258B00CBF46A;
			packageReferences = (
				4332C1B82A1A46CF003959E4 /* XCRemoteSwiftPackageReference "firebase-ios-sdk" */,
			);
			productRefGroup = 439A52512A14258B00CBF46A /* Products */;
			projectDirPath = "";
			projectRoot = "";
			targets = (
				439A524F2A14258B00CBF46A /* SalonUp! Individual */,
			);
		};
/* End PBXProject section */

/* Begin PBXResourcesBuildPhase section */
		439A524E2A14258B00CBF46A /* Resources */ = {
			isa = PBXResourcesBuildPhase;
			buildActionMask = 2147483647;
			files = (
				439A525B2A14258B00CBF46A /* Preview Assets.xcassets in Resources */,
				439A52582A14258B00CBF46A /* Assets.xcassets in Resources */,
				4332C1B62A1A45F9003959E4 /* GoogleService-Info.plist in Resources */,
			);
			runOnlyForDeploymentPostprocessing = 0;
		};
/* End PBXResourcesBuildPhase section */

/* Begin PBXSourcesBuildPhase section */
		439A524C2A14258B00CBF46A /* Sources */ = {
			isa = PBXSourcesBuildPhase;
			buildActionMask = 2147483647;
			files = (
				43838C472A198E6100CB6524 /* FeedVC.swift in Sources */,
				439A52562A14258B00CBF46A /* LoginVC.swift in Sources */,
				439A52542A14258B00CBF46A /* SalonUp__IndividualApp.swift in Sources */,
				43838C3F2A19815B00CB6524 /* UIColorExtension.swift in Sources */,
			);
			runOnlyForDeploymentPostprocessing = 0;
		};
/* End PBXSourcesBuildPhase section */

/* Begin XCBuildConfiguration section */
		439A525C2A14258B00CBF46A /* Debug */ = {
			isa = XCBuildConfiguration;
			buildSettings = {
				ALWAYS_SEARCH_USER_PATHS = NO;
				CLANG_ANALYZER_NONNULL = YES;
				CLANG_ANALYZER_NUMBER_OBJECT_CONVERSION = YES_AGGRESSIVE;
				CLANG_CXX_LANGUAGE_STANDARD = "gnu++20";
				CLANG_ENABLE_MODULES = YES;
				CLANG_ENABLE_OBJC_ARC = YES;
				CLANG_ENABLE_OBJC_WEAK = YES;
				CLANG_WARN_BLOCK_CAPTURE_AUTORELEASING = YES;
				CLANG_WARN_BOOL_CONVERSION = YES;
				CLANG_WARN_COMMA = YES;
				CLANG_WARN_CONSTANT_CONVERSION = YES;
				CLANG_WARN_DEPRECATED_OBJC_IMPLEMENTATIONS = YES;
				CLANG_WARN_DIRECT_OBJC_ISA_USAGE = YES_ERROR;
				CLANG_WARN_DOCUMENTATION_COMMENTS = YES;
				CLANG_WARN_EMPTY_BODY = YES;
				CLANG_WARN_ENUM_CONVERSION = YES;
				CLANG_WARN_INFINITE_RECURSION = YES;
				CLANG_WARN_INT_CONVERSION = YES;
				CLANG_WARN_NON_LITERAL_NULL_CONVERSION = YES;
				CLANG_WARN_OBJC_IMPLICIT_RETAIN_SELF = YES;
				CLANG_WARN_OBJC_LITERAL_CONVERSION = YES;
				CLANG_WARN_OBJC_ROOT_CLASS = YES_ERROR;
				CLANG_WARN_QUOTED_INCLUDE_IN_FRAMEWORK_HEADER = YES;
				CLANG_WARN_RANGE_LOOP_ANALYSIS = YES;
				CLANG_WARN_STRICT_PROTOTYPES = YES;
				CLANG_WARN_SUSPICIOUS_MOVE = YES;
				CLANG_WARN_UNGUARDED_AVAILABILITY = YES_AGGRESSIVE;
				CLANG_WARN_UNREACHABLE_CODE = YES;
				CLANG_WARN__DUPLICATE_METHOD_MATCH = YES;
				COPY_PHASE_STRIP = NO;
				DEBUG_INFORMATION_FORMAT = dwarf;
				ENABLE_STRICT_OBJC_MSGSEND = YES;
				ENABLE_TESTABILITY = YES;
				GCC_C_LANGUAGE_STANDARD = gnu11;
				GCC_DYNAMIC_NO_PIC = NO;
				GCC_NO_COMMON_BLOCKS = YES;
				GCC_OPTIMIZATION_LEVEL = 0;
				GCC_PREPROCESSOR_DEFINITIONS = (
					"DEBUG=1",
					"$(inherited)",
				);
				GCC_WARN_64_TO_32_BIT_CONVERSION = YES;
				GCC_WARN_ABOUT_RETURN_TYPE = YES_ERROR;
				GCC_WARN_UNDECLARED_SELECTOR = YES;
				GCC_WARN_UNINITIALIZED_AUTOS = YES_AGGRESSIVE;
				GCC_WARN_UNUSED_FUNCTION = YES;
				GCC_WARN_UNUSED_VARIABLE = YES;
				IPHONEOS_DEPLOYMENT_TARGET = 16.4;
				MTL_ENABLE_DEBUG_INFO = INCLUDE_SOURCE;
				MTL_FAST_MATH = YES;
				ONLY_ACTIVE_ARCH = YES;
				SDKROOT = iphoneos;
				SWIFT_ACTIVE_COMPILATION_CONDITIONS = DEBUG;
				SWIFT_OPTIMIZATION_LEVEL = "-Onone";
			};
			name = Debug;
		};
		439A525D2A14258B00CBF46A /* Release */ = {
			isa = XCBuildConfiguration;
			buildSettings = {
				ALWAYS_SEARCH_USER_PATHS = NO;
				CLANG_ANALYZER_NONNULL = YES;
				CLANG_ANALYZER_NUMBER_OBJECT_CONVERSION = YES_AGGRESSIVE;
				CLANG_CXX_LANGUAGE_STANDARD = "gnu++20";
				CLANG_ENABLE_MODULES = YES;
				CLANG_ENABLE_OBJC_ARC = YES;
				CLANG_ENABLE_OBJC_WEAK = YES;
				CLANG_WARN_BLOCK_CAPTURE_AUTORELEASING = YES;
				CLANG_WARN_BOOL_CONVERSION = YES;
				CLANG_WARN_COMMA = YES;
				CLANG_WARN_CONSTANT_CONVERSION = YES;
				CLANG_WARN_DEPRECATED_OBJC_IMPLEMENTATIONS = YES;
				CLANG_WARN_DIRECT_OBJC_ISA_USAGE = YES_ERROR;
				CLANG_WARN_DOCUMENTATION_COMMENTS = YES;
				CLANG_WARN_EMPTY_BODY = YES;
				CLANG_WARN_ENUM_CONVERSION = YES;
				CLANG_WARN_INFINITE_RECURSION = YES;
				CLANG_WARN_INT_CONVERSION = YES;
				CLANG_WARN_NON_LITERAL_NULL_CONVERSION = YES;
				CLANG_WARN_OBJC_IMPLICIT_RETAIN_SELF = YES;
				CLANG_WARN_OBJC_LITERAL_CONVERSION = YES;
				CLANG_WARN_OBJC_ROOT_CLASS = YES_ERROR;
				CLANG_WARN_QUOTED_INCLUDE_IN_FRAMEWORK_HEADER = YES;
				CLANG_WARN_RANGE_LOOP_ANALYSIS = YES;
				CLANG_WARN_STRICT_PROTOTYPES = YES;
				CLANG_WARN_SUSPICIOUS_MOVE = YES;
				CLANG_WARN_UNGUARDED_AVAILABILITY = YES_AGGRESSIVE;
				CLANG_WARN_UNREACHABLE_CODE = YES;
				CLANG_WARN__DUPLICATE_METHOD_MATCH = YES;
				COPY_PHASE_STRIP = NO;
				DEBUG_INFORMATION_FORMAT = "dwarf-with-dsym";
				ENABLE_NS_ASSERTIONS = NO;
				ENABLE_STRICT_OBJC_MSGSEND = YES;
				GCC_C_LANGUAGE_STANDARD = gnu11;
				GCC_NO_COMMON_BLOCKS = YES;
				GCC_WARN_64_TO_32_BIT_CONVERSION = YES;
				GCC_WARN_ABOUT_RETURN_TYPE = YES_ERROR;
				GCC_WARN_UNDECLARED_SELECTOR = YES;
				GCC_WARN_UNINITIALIZED_AUTOS = YES_AGGRESSIVE;
				GCC_WARN_UNUSED_FUNCTION = YES;
				GCC_WARN_UNUSED_VARIABLE = YES;
				IPHONEOS_DEPLOYMENT_TARGET = 16.4;
				MTL_ENABLE_DEBUG_INFO = NO;
				MTL_FAST_MATH = YES;
				SDKROOT = iphoneos;
				SWIFT_COMPILATION_MODE = wholemodule;
				SWIFT_OPTIMIZATION_LEVEL = "-O";
				VALIDATE_PRODUCT = YES;
			};
			name = Release;
		};
		439A525F2A14258B00CBF46A /* Debug */ = {
			isa = XCBuildConfiguration;
			buildSettings = {
				ASSETCATALOG_COMPILER_APPICON_NAME = AppIcon;
				ASSETCATALOG_COMPILER_GLOBAL_ACCENT_COLOR_NAME = AccentColor;
				CODE_SIGN_STYLE = Automatic;
				CURRENT_PROJECT_VERSION = 1;
				DEVELOPMENT_ASSET_PATHS = "\"SalonUp! Individual/Preview Content\"";
				DEVELOPMENT_TEAM = 7XRJQ9854U;
				ENABLE_PREVIEWS = YES;
				GENERATE_INFOPLIST_FILE = YES;
				INFOPLIST_KEY_UIApplicationSceneManifest_Generation = YES;
				INFOPLIST_KEY_UIApplicationSupportsIndirectInputEvents = YES;
				INFOPLIST_KEY_UILaunchScreen_Generation = YES;
				INFOPLIST_KEY_UISupportedInterfaceOrientations_iPad = "UIInterfaceOrientationPortrait UIInterfaceOrientationPortraitUpsideDown UIInterfaceOrientationLandscapeLeft UIInterfaceOrientationLandscapeRight";
				INFOPLIST_KEY_UISupportedInterfaceOrientations_iPhone = "UIInterfaceOrientationPortrait UIInterfaceOrientationLandscapeLeft UIInterfaceOrientationLandscapeRight";
				IPHONEOS_DEPLOYMENT_TARGET = 14.0;
				LD_RUNPATH_SEARCH_PATHS = (
					"$(inherited)",
					"@executable_path/Frameworks",
				);
				MARKETING_VERSION = 1.0;
				PRODUCT_BUNDLE_IDENTIFIER = "com.dogukancatmakas.SalonUp-Individual";
				PRODUCT_NAME = "$(TARGET_NAME)";
				SWIFT_EMIT_LOC_STRINGS = YES;
				SWIFT_VERSION = 5.0;
				TARGETED_DEVICE_FAMILY = "1,2";
			};
			name = Debug;
		};
		439A52602A14258B00CBF46A /* Release */ = {
			isa = XCBuildConfiguration;
			buildSettings = {
				ASSETCATALOG_COMPILER_APPICON_NAME = AppIcon;
				ASSETCATALOG_COMPILER_GLOBAL_ACCENT_COLOR_NAME = AccentColor;
				CODE_SIGN_STYLE = Automatic;
				CURRENT_PROJECT_VERSION = 1;
				DEVELOPMENT_ASSET_PATHS = "\"SalonUp! Individual/Preview Content\"";
				DEVELOPMENT_TEAM = 7XRJQ9854U;
				ENABLE_PREVIEWS = YES;
				GENERATE_INFOPLIST_FILE = YES;
				INFOPLIST_KEY_UIApplicationSceneManifest_Generation = YES;
				INFOPLIST_KEY_UIApplicationSupportsIndirectInputEvents = YES;
				INFOPLIST_KEY_UILaunchScreen_Generation = YES;
				INFOPLIST_KEY_UISupportedInterfaceOrientations_iPad = "UIInterfaceOrientationPortrait UIInterfaceOrientationPortraitUpsideDown UIInterfaceOrientationLandscapeLeft UIInterfaceOrientationLandscapeRight";
				INFOPLIST_KEY_UISupportedInterfaceOrientations_iPhone = "UIInterfaceOrientationPortrait UIInterfaceOrientationLandscapeLeft UIInterfaceOrientationLandscapeRight";
				IPHONEOS_DEPLOYMENT_TARGET = 14.0;
				LD_RUNPATH_SEARCH_PATHS = (
					"$(inherited)",
					"@executable_path/Frameworks",
				);
				MARKETING_VERSION = 1.0;
				PRODUCT_BUNDLE_IDENTIFIER = "com.dogukancatmakas.SalonUp-Individual";
				PRODUCT_NAME = "$(TARGET_NAME)";
				SWIFT_EMIT_LOC_STRINGS = YES;
				SWIFT_VERSION = 5.0;
				TARGETED_DEVICE_FAMILY = "1,2";
			};
			name = Release;
		};
/* End XCBuildConfiguration section */

/* Begin XCConfigurationList section */
		439A524B2A14258B00CBF46A /* Build configuration list for PBXProject "SalonUp! Individual" */ = {
			isa = XCConfigurationList;
			buildConfigurations = (
				439A525C2A14258B00CBF46A /* Debug */,
				439A525D2A14258B00CBF46A /* Release */,
			);
			defaultConfigurationIsVisible = 0;
			defaultConfigurationName = Release;
		};
		439A525E2A14258B00CBF46A /* Build configuration list for PBXNativeTarget "SalonUp! Individual" */ = {
			isa = XCConfigurationList;
			buildConfigurations = (
				439A525F2A14258B00CBF46A /* Debug */,
				439A52602A14258B00CBF46A /* Release */,
			);
			defaultConfigurationIsVisible = 0;
			defaultConfigurationName = Release;
		};
/* End XCConfigurationList section */

/* Begin XCRemoteSwiftPackageReference section */
		4332C1B82A1A46CF003959E4 /* XCRemoteSwiftPackageReference "firebase-ios-sdk" */ = {
			isa = XCRemoteSwiftPackageReference;
			repositoryURL = "https://github.com/firebase/firebase-ios-sdk";
			requirement = {
				kind = upToNextMajorVersion;
				minimumVersion = 10.0.0;
			};
		};
/* End XCRemoteSwiftPackageReference section */

/* Begin XCSwiftPackageProductDependency section */
		4332C1B92A1A46CF003959E4 /* FirebaseAuth */ = {
			isa = XCSwiftPackageProductDependency;
			package = 4332C1B82A1A46CF003959E4 /* XCRemoteSwiftPackageReference "firebase-ios-sdk" */;
			productName = FirebaseAuth;
		};
		4332C1BB2A1A46CF003959E4 /* FirebaseFirestore */ = {
			isa = XCSwiftPackageProductDependency;
			package = 4332C1B82A1A46CF003959E4 /* XCRemoteSwiftPackageReference "firebase-ios-sdk" */;
			productName = FirebaseFirestore;
		};
		4332C1BD2A1A46CF003959E4 /* FirebaseStorage */ = {
			isa = XCSwiftPackageProductDependency;
			package = 4332C1B82A1A46CF003959E4 /* XCRemoteSwiftPackageReference "firebase-ios-sdk" */;
			productName = FirebaseStorage;
		};
/* End XCSwiftPackageProductDependency section */
	};
	rootObject = 439A52482A14258B00CBF46A /* Project object */;
}
